// !$*UTF8*$!
{
	archiveVersion = 1;
	classes = {
	};
	objectVersion = 56;
	objects = {

/* Begin PBXBuildFile section */
		515B9D4B2AC41CD800FAE8C3 /* MatchView.swift in Sources */ = {isa = PBXBuildFile; fileRef = 515B9D4A2AC41CD800FAE8C3 /* MatchView.swift */; };
		515B9D4D2AC41D2C00FAE8C3 /* ExampleLoader.swift in Sources */ = {isa = PBXBuildFile; fileRef = 515B9D4C2AC41D2C00FAE8C3 /* ExampleLoader.swift */; };
		515B9D4F2AC420BA00FAE8C3 /* PageView.swift in Sources */ = {isa = PBXBuildFile; fileRef = 515B9D4E2AC420BA00FAE8C3 /* PageView.swift */; };
		515B9D512AC4485500FAE8C3 /* MatchList.swift in Sources */ = {isa = PBXBuildFile; fileRef = 515B9D502AC4485500FAE8C3 /* MatchList.swift */; };
		516061822AC540D9007CAC7D /* LoadingList.swift in Sources */ = {isa = PBXBuildFile; fileRef = 516061812AC540D9007CAC7D /* LoadingList.swift */; };
		51D5E8F72AC3527A00CFE7CB /* AdamWSCApp.swift in Sources */ = {isa = PBXBuildFile; fileRef = 51D5E8F62AC3527A00CFE7CB /* AdamWSCApp.swift */; };
		51D5E8F92AC3527A00CFE7CB /* ContentView.swift in Sources */ = {isa = PBXBuildFile; fileRef = 51D5E8F82AC3527A00CFE7CB /* ContentView.swift */; };
		51D5E8FB2AC3527B00CFE7CB /* Assets.xcassets in Resources */ = {isa = PBXBuildFile; fileRef = 51D5E8FA2AC3527B00CFE7CB /* Assets.xcassets */; };
		51D5E8FE2AC3527B00CFE7CB /* Preview Assets.xcassets in Resources */ = {isa = PBXBuildFile; fileRef = 51D5E8FD2AC3527B00CFE7CB /* Preview Assets.xcassets */; };
		51D5E9082AC3527B00CFE7CB /* AdamWSCTests.swift in Sources */ = {isa = PBXBuildFile; fileRef = 51D5E9072AC3527B00CFE7CB /* AdamWSCTests.swift */; };
		51D5E9122AC3527B00CFE7CB /* AdamWSCUITests.swift in Sources */ = {isa = PBXBuildFile; fileRef = 51D5E9112AC3527B00CFE7CB /* AdamWSCUITests.swift */; };
		51D5E9142AC3527B00CFE7CB /* AdamWSCUITestsLaunchTests.swift in Sources */ = {isa = PBXBuildFile; fileRef = 51D5E9132AC3527B00CFE7CB /* AdamWSCUITestsLaunchTests.swift */; };
		51D5E9212AC3534900CFE7CB /* matches.json in Resources */ = {isa = PBXBuildFile; fileRef = 51D5E9202AC3534800CFE7CB /* matches.json */; };
		51D5E9232AC3538D00CFE7CB /* Matches.swift in Sources */ = {isa = PBXBuildFile; fileRef = 51D5E9222AC3538D00CFE7CB /* Matches.swift */; };
		51D5E9262AC35B2900CFE7CB /* MatchCell.swift in Sources */ = {isa = PBXBuildFile; fileRef = 51D5E9252AC35B2900CFE7CB /* MatchCell.swift */; };
		51D5E9292AC35C7000CFE7CB /* MatchesLoader.swift in Sources */ = {isa = PBXBuildFile; fileRef = 51D5E9282AC35C7000CFE7CB /* MatchesLoader.swift */; };
		51D5E92B2AC35DB900CFE7CB /* WSCError.swift in Sources */ = {isa = PBXBuildFile; fileRef = 51D5E92A2AC35DB900CFE7CB /* WSCError.swift */; };
		51D5E9302AC3606A00CFE7CB /* Localizable.strings in Resources */ = {isa = PBXBuildFile; fileRef = 51D5E9322AC3606A00CFE7CB /* Localizable.strings */; };
		51D5E9352AC361D000CFE7CB /* StringKey.swift in Sources */ = {isa = PBXBuildFile; fileRef = 51D5E9342AC361D000CFE7CB /* StringKey.swift */; };
		51D5E93A2AC3663300CFE7CB /* StringExt.swift in Sources */ = {isa = PBXBuildFile; fileRef = 51D5E9392AC3663300CFE7CB /* StringExt.swift */; };
		51D5E93C2AC4001300CFE7CB /* LoadCell.swift in Sources */ = {isa = PBXBuildFile; fileRef = 51D5E93B2AC4001300CFE7CB /* LoadCell.swift */; };
		51D5E9422AC40A5800CFE7CB /* example.json in Resources */ = {isa = PBXBuildFile; fileRef = 51D5E9412AC40A5800CFE7CB /* example.json */; };
		51D5E9442AC4193E00CFE7CB /* MatchCellButton.swift in Sources */ = {isa = PBXBuildFile; fileRef = 51D5E9432AC4193E00CFE7CB /* MatchCellButton.swift */; };
		51DAC2932AC55BEC0073E212 /* LangView.swift in Sources */ = {isa = PBXBuildFile; fileRef = 51DAC2922AC55BEC0073E212 /* LangView.swift */; };
		51DAC2952AC5602F0073E212 /* MyText.swift in Sources */ = {isa = PBXBuildFile; fileRef = 51DAC2942AC5602F0073E212 /* MyText.swift */; };
		51DAC2962AC562420073E212 /* MatchesLoader.swift in Sources */ = {isa = PBXBuildFile; fileRef = 51D5E9282AC35C7000CFE7CB /* MatchesLoader.swift */; };
/* End PBXBuildFile section */

/* Begin PBXContainerItemProxy section */
		51D5E9042AC3527B00CFE7CB /* PBXContainerItemProxy */ = {
			isa = PBXContainerItemProxy;
			containerPortal = 51D5E8EB2AC3527A00CFE7CB /* Project object */;
			proxyType = 1;
			remoteGlobalIDString = 51D5E8F22AC3527A00CFE7CB;
			remoteInfo = AdamWSC;
		};
		51D5E90E2AC3527B00CFE7CB /* PBXContainerItemProxy */ = {
			isa = PBXContainerItemProxy;
			containerPortal = 51D5E8EB2AC3527A00CFE7CB /* Project object */;
			proxyType = 1;
			remoteGlobalIDString = 51D5E8F22AC3527A00CFE7CB;
			remoteInfo = AdamWSC;
		};
/* End PBXContainerItemProxy section */

/* Begin PBXFileReference section */
		515B9D4A2AC41CD800FAE8C3 /* MatchView.swift */ = {isa = PBXFileReference; lastKnownFileType = sourcecode.swift; path = MatchView.swift; sourceTree = "<group>"; };
		515B9D4C2AC41D2C00FAE8C3 /* ExampleLoader.swift */ = {isa = PBXFileReference; lastKnownFileType = sourcecode.swift; path = ExampleLoader.swift; sourceTree = "<group>"; };
		515B9D4E2AC420BA00FAE8C3 /* PageView.swift */ = {isa = PBXFileReference; lastKnownFileType = sourcecode.swift; path = PageView.swift; sourceTree = "<group>"; };
		515B9D502AC4485500FAE8C3 /* MatchList.swift */ = {isa = PBXFileReference; lastKnownFileType = sourcecode.swift; path = MatchList.swift; sourceTree = "<group>"; };
		516061812AC540D9007CAC7D /* LoadingList.swift */ = {isa = PBXFileReference; lastKnownFileType = sourcecode.swift; path = LoadingList.swift; sourceTree = "<group>"; };
		51D5E8F32AC3527A00CFE7CB /* AdamWSC.app */ = {isa = PBXFileReference; explicitFileType = wrapper.application; includeInIndex = 0; path = AdamWSC.app; sourceTree = BUILT_PRODUCTS_DIR; };
		51D5E8F62AC3527A00CFE7CB /* AdamWSCApp.swift */ = {isa = PBXFileReference; lastKnownFileType = sourcecode.swift; path = AdamWSCApp.swift; sourceTree = "<group>"; };
		51D5E8F82AC3527A00CFE7CB /* ContentView.swift */ = {isa = PBXFileReference; lastKnownFileType = sourcecode.swift; path = ContentView.swift; sourceTree = "<group>"; };
		51D5E8FA2AC3527B00CFE7CB /* Assets.xcassets */ = {isa = PBXFileReference; lastKnownFileType = folder.assetcatalog; path = Assets.xcassets; sourceTree = "<group>"; };
		51D5E8FD2AC3527B00CFE7CB /* Preview Assets.xcassets */ = {isa = PBXFileReference; lastKnownFileType = folder.assetcatalog; path = "Preview Assets.xcassets"; sourceTree = "<group>"; };
		51D5E9032AC3527B00CFE7CB /* AdamWSCTests.xctest */ = {isa = PBXFileReference; explicitFileType = wrapper.cfbundle; includeInIndex = 0; path = AdamWSCTests.xctest; sourceTree = BUILT_PRODUCTS_DIR; };
		51D5E9072AC3527B00CFE7CB /* AdamWSCTests.swift */ = {isa = PBXFileReference; lastKnownFileType = sourcecode.swift; path = AdamWSCTests.swift; sourceTree = "<group>"; };
		51D5E90D2AC3527B00CFE7CB /* AdamWSCUITests.xctest */ = {isa = PBXFileReference; explicitFileType = wrapper.cfbundle; includeInIndex = 0; path = AdamWSCUITests.xctest; sourceTree = BUILT_PRODUCTS_DIR; };
		51D5E9112AC3527B00CFE7CB /* AdamWSCUITests.swift */ = {isa = PBXFileReference; lastKnownFileType = sourcecode.swift; path = AdamWSCUITests.swift; sourceTree = "<group>"; };
		51D5E9132AC3527B00CFE7CB /* AdamWSCUITestsLaunchTests.swift */ = {isa = PBXFileReference; lastKnownFileType = sourcecode.swift; path = AdamWSCUITestsLaunchTests.swift; sourceTree = "<group>"; };
		51D5E9202AC3534800CFE7CB /* matches.json */ = {isa = PBXFileReference; fileEncoding = 4; lastKnownFileType = text.json; path = matches.json; sourceTree = "<group>"; };
		51D5E9222AC3538D00CFE7CB /* Matches.swift */ = {isa = PBXFileReference; lastKnownFileType = sourcecode.swift; path = Matches.swift; sourceTree = "<group>"; };
		51D5E9252AC35B2900CFE7CB /* MatchCell.swift */ = {isa = PBXFileReference; lastKnownFileType = sourcecode.swift; path = MatchCell.swift; sourceTree = "<group>"; };
		51D5E9282AC35C7000CFE7CB /* MatchesLoader.swift */ = {isa = PBXFileReference; lastKnownFileType = sourcecode.swift; path = MatchesLoader.swift; sourceTree = "<group>"; };
		51D5E92A2AC35DB900CFE7CB /* WSCError.swift */ = {isa = PBXFileReference; lastKnownFileType = sourcecode.swift; path = WSCError.swift; sourceTree = "<group>"; };
		51D5E9312AC3606A00CFE7CB /* en */ = {isa = PBXFileReference; lastKnownFileType = text.plist.strings; name = en; path = en.lproj/Localizable.strings; sourceTree = "<group>"; };
		51D5E9332AC3606D00CFE7CB /* he */ = {isa = PBXFileReference; lastKnownFileType = text.plist.strings; name = he; path = he.lproj/Localizable.strings; sourceTree = "<group>"; };
		51D5E9342AC361D000CFE7CB /* StringKey.swift */ = {isa = PBXFileReference; lastKnownFileType = sourcecode.swift; path = StringKey.swift; sourceTree = "<group>"; };
		51D5E9392AC3663300CFE7CB /* StringExt.swift */ = {isa = PBXFileReference; lastKnownFileType = sourcecode.swift; path = StringExt.swift; sourceTree = "<group>"; };
		51D5E93B2AC4001300CFE7CB /* LoadCell.swift */ = {isa = PBXFileReference; lastKnownFileType = sourcecode.swift; path = LoadCell.swift; sourceTree = "<group>"; };
		51D5E9412AC40A5800CFE7CB /* example.json */ = {isa = PBXFileReference; lastKnownFileType = text.json; path = example.json; sourceTree = "<group>"; };
		51D5E9432AC4193E00CFE7CB /* MatchCellButton.swift */ = {isa = PBXFileReference; lastKnownFileType = sourcecode.swift; path = MatchCellButton.swift; sourceTree = "<group>"; };
		51DAC2922AC55BEC0073E212 /* LangView.swift */ = {isa = PBXFileReference; lastKnownFileType = sourcecode.swift; path = LangView.swift; sourceTree = "<group>"; };
		51DAC2942AC5602F0073E212 /* MyText.swift */ = {isa = PBXFileReference; lastKnownFileType = sourcecode.swift; path = MyText.swift; sourceTree = "<group>"; };
/* End PBXFileReference section */

/* Begin PBXFrameworksBuildPhase section */
		51D5E8F02AC3527A00CFE7CB /* Frameworks */ = {
			isa = PBXFrameworksBuildPhase;
			buildActionMask = 2147483647;
			files = (
			);
			runOnlyForDeploymentPostprocessing = 0;
		};
		51D5E9002AC3527B00CFE7CB /* Frameworks */ = {
			isa = PBXFrameworksBuildPhase;
			buildActionMask = 2147483647;
			files = (
			);
			runOnlyForDeploymentPostprocessing = 0;
		};
		51D5E90A2AC3527B00CFE7CB /* Frameworks */ = {
			isa = PBXFrameworksBuildPhase;
			buildActionMask = 2147483647;
			files = (
			);
			runOnlyForDeploymentPostprocessing = 0;
		};
/* End PBXFrameworksBuildPhase section */

/* Begin PBXGroup section */
		51D5E8EA2AC3527A00CFE7CB = {
			isa = PBXGroup;
			children = (
				51D5E9322AC3606A00CFE7CB /* Localizable.strings */,
				51D5E8F52AC3527A00CFE7CB /* AdamWSC */,
				51D5E9062AC3527B00CFE7CB /* AdamWSCTests */,
				51D5E9102AC3527B00CFE7CB /* AdamWSCUITests */,
				51D5E8F42AC3527A00CFE7CB /* Products */,
			);
			sourceTree = "<group>";
		};
		51D5E8F42AC3527A00CFE7CB /* Products */ = {
			isa = PBXGroup;
			children = (
				51D5E8F32AC3527A00CFE7CB /* AdamWSC.app */,
				51D5E9032AC3527B00CFE7CB /* AdamWSCTests.xctest */,
				51D5E90D2AC3527B00CFE7CB /* AdamWSCUITests.xctest */,
			);
			name = Products;
			sourceTree = "<group>";
		};
		51D5E8F52AC3527A00CFE7CB /* AdamWSC */ = {
			isa = PBXGroup;
			children = (
				51D5E8F62AC3527A00CFE7CB /* AdamWSCApp.swift */,
				51D5E9242AC35B1700CFE7CB /* views */,
				51D5E9272AC35C5A00CFE7CB /* data */,
				51D5E9362AC3620600CFE7CB /* texts */,
				51D5E8FA2AC3527B00CFE7CB /* Assets.xcassets */,
				51D5E8FC2AC3527B00CFE7CB /* Preview Content */,
				51D5E92A2AC35DB900CFE7CB /* WSCError.swift */,
			);
			path = AdamWSC;
			sourceTree = "<group>";
		};
		51D5E8FC2AC3527B00CFE7CB /* Preview Content */ = {
			isa = PBXGroup;
			children = (
				51D5E8FD2AC3527B00CFE7CB /* Preview Assets.xcassets */,
			);
			path = "Preview Content";
			sourceTree = "<group>";
		};
		51D5E9062AC3527B00CFE7CB /* AdamWSCTests */ = {
			isa = PBXGroup;
			children = (
				51D5E9072AC3527B00CFE7CB /* AdamWSCTests.swift */,
			);
			path = AdamWSCTests;
			sourceTree = "<group>";
		};
		51D5E9102AC3527B00CFE7CB /* AdamWSCUITests */ = {
			isa = PBXGroup;
			children = (
				51D5E9112AC3527B00CFE7CB /* AdamWSCUITests.swift */,
				51D5E9132AC3527B00CFE7CB /* AdamWSCUITestsLaunchTests.swift */,
			);
			path = AdamWSCUITests;
			sourceTree = "<group>";
		};
		51D5E9242AC35B1700CFE7CB /* views */ = {
			isa = PBXGroup;
			children = (
				51D5E8F82AC3527A00CFE7CB /* ContentView.swift */,
				515B9D502AC4485500FAE8C3 /* MatchList.swift */,
				516061812AC540D9007CAC7D /* LoadingList.swift */,
				51D5E93B2AC4001300CFE7CB /* LoadCell.swift */,
				51D5E9432AC4193E00CFE7CB /* MatchCellButton.swift */,
				51D5E9252AC35B2900CFE7CB /* MatchCell.swift */,
				515B9D4A2AC41CD800FAE8C3 /* MatchView.swift */,
				515B9D4E2AC420BA00FAE8C3 /* PageView.swift */,
				51DAC2922AC55BEC0073E212 /* LangView.swift */,
			);
			path = views;
			sourceTree = "<group>";
		};
		51D5E9272AC35C5A00CFE7CB /* data */ = {
			isa = PBXGroup;
			children = (
				51D5E9202AC3534800CFE7CB /* matches.json */,
				51D5E9412AC40A5800CFE7CB /* example.json */,
				51D5E9282AC35C7000CFE7CB /* MatchesLoader.swift */,
				515B9D4C2AC41D2C00FAE8C3 /* ExampleLoader.swift */,
				51D5E9222AC3538D00CFE7CB /* Matches.swift */,
			);
			path = data;
			sourceTree = "<group>";
		};
		51D5E9362AC3620600CFE7CB /* texts */ = {
			isa = PBXGroup;
			children = (
				51D5E9342AC361D000CFE7CB /* StringKey.swift */,
				51D5E9392AC3663300CFE7CB /* StringExt.swift */,
				51DAC2942AC5602F0073E212 /* MyText.swift */,
			);
			path = texts;
			sourceTree = "<group>";
		};
/* End PBXGroup section */

/* Begin PBXNativeTarget section */
		51D5E8F22AC3527A00CFE7CB /* AdamWSC */ = {
			isa = PBXNativeTarget;
			buildConfigurationList = 51D5E9172AC3527B00CFE7CB /* Build configuration list for PBXNativeTarget "AdamWSC" */;
			buildPhases = (
				51D5E8EF2AC3527A00CFE7CB /* Sources */,
				51D5E8F02AC3527A00CFE7CB /* Frameworks */,
				51D5E8F12AC3527A00CFE7CB /* Resources */,
			);
			buildRules = (
			);
			dependencies = (
			);
			name = AdamWSC;
			productName = AdamWSC;
			productReference = 51D5E8F32AC3527A00CFE7CB /* AdamWSC.app */;
			productType = "com.apple.product-type.application";
		};
		51D5E9022AC3527B00CFE7CB /* AdamWSCTests */ = {
			isa = PBXNativeTarget;
			buildConfigurationList = 51D5E91A2AC3527B00CFE7CB /* Build configuration list for PBXNativeTarget "AdamWSCTests" */;
			buildPhases = (
				51D5E8FF2AC3527B00CFE7CB /* Sources */,
				51D5E9002AC3527B00CFE7CB /* Frameworks */,
				51D5E9012AC3527B00CFE7CB /* Resources */,
			);
			buildRules = (
			);
			dependencies = (
				51D5E9052AC3527B00CFE7CB /* PBXTargetDependency */,
			);
			name = AdamWSCTests;
			productName = AdamWSCTests;
			productReference = 51D5E9032AC3527B00CFE7CB /* AdamWSCTests.xctest */;
			productType = "com.apple.product-type.bundle.unit-test";
		};
		51D5E90C2AC3527B00CFE7CB /* AdamWSCUITests */ = {
			isa = PBXNativeTarget;
			buildConfigurationList = 51D5E91D2AC3527B00CFE7CB /* Build configuration list for PBXNativeTarget "AdamWSCUITests" */;
			buildPhases = (
				51D5E9092AC3527B00CFE7CB /* Sources */,
				51D5E90A2AC3527B00CFE7CB /* Frameworks */,
				51D5E90B2AC3527B00CFE7CB /* Resources */,
			);
			buildRules = (
			);
			dependencies = (
				51D5E90F2AC3527B00CFE7CB /* PBXTargetDependency */,
			);
			name = AdamWSCUITests;
			productName = AdamWSCUITests;
			productReference = 51D5E90D2AC3527B00CFE7CB /* AdamWSCUITests.xctest */;
			productType = "com.apple.product-type.bundle.ui-testing";
		};
/* End PBXNativeTarget section */

/* Begin PBXProject section */
		51D5E8EB2AC3527A00CFE7CB /* Project object */ = {
			isa = PBXProject;
			attributes = {
				BuildIndependentTargetsInParallel = 1;
				LastSwiftUpdateCheck = 1500;
				LastUpgradeCheck = 1500;
				TargetAttributes = {
					51D5E8F22AC3527A00CFE7CB = {
						CreatedOnToolsVersion = 15.0;
					};
					51D5E9022AC3527B00CFE7CB = {
						CreatedOnToolsVersion = 15.0;
						TestTargetID = 51D5E8F22AC3527A00CFE7CB;
					};
					51D5E90C2AC3527B00CFE7CB = {
						CreatedOnToolsVersion = 15.0;
						TestTargetID = 51D5E8F22AC3527A00CFE7CB;
					};
				};
			};
			buildConfigurationList = 51D5E8EE2AC3527A00CFE7CB /* Build configuration list for PBXProject "AdamWSC" */;
			compatibilityVersion = "Xcode 14.0";
			developmentRegion = en;
			hasScannedForEncodings = 0;
			knownRegions = (
				en,
				Base,
				he,
			);
			mainGroup = 51D5E8EA2AC3527A00CFE7CB;
			productRefGroup = 51D5E8F42AC3527A00CFE7CB /* Products */;
			projectDirPath = "";
			projectRoot = "";
			targets = (
				51D5E8F22AC3527A00CFE7CB /* AdamWSC */,
				51D5E9022AC3527B00CFE7CB /* AdamWSCTests */,
				51D5E90C2AC3527B00CFE7CB /* AdamWSCUITests */,
			);
		};
/* End PBXProject section */

/* Begin PBXResourcesBuildPhase section */
		51D5E8F12AC3527A00CFE7CB /* Resources */ = {
			isa = PBXResourcesBuildPhase;
			buildActionMask = 2147483647;
			files = (
				51D5E9302AC3606A00CFE7CB /* Localizable.strings in Resources */,
				51D5E9422AC40A5800CFE7CB /* example.json in Resources */,
				51D5E9212AC3534900CFE7CB /* matches.json in Resources */,
				51D5E8FE2AC3527B00CFE7CB /* Preview Assets.xcassets in Resources */,
				51D5E8FB2AC3527B00CFE7CB /* Assets.xcassets in Resources */,
			);
			runOnlyForDeploymentPostprocessing = 0;
		};
		51D5E9012AC3527B00CFE7CB /* Resources */ = {
			isa = PBXResourcesBuildPhase;
			buildActionMask = 2147483647;
			files = (
			);
			runOnlyForDeploymentPostprocessing = 0;
		};
		51D5E90B2AC3527B00CFE7CB /* Resources */ = {
			isa = PBXResourcesBuildPhase;
			buildActionMask = 2147483647;
			files = (
			);
			runOnlyForDeploymentPostprocessing = 0;
		};
/* End PBXResourcesBuildPhase section */

/* Begin PBXSourcesBuildPhase section */
		51D5E8EF2AC3527A00CFE7CB /* Sources */ = {
			isa = PBXSourcesBuildPhase;
			buildActionMask = 2147483647;
			files = (
				51DAC2952AC5602F0073E212 /* MyText.swift in Sources */,
				51D5E92B2AC35DB900CFE7CB /* WSCError.swift in Sources */,
				51D5E8F92AC3527A00CFE7CB /* ContentView.swift in Sources */,
				51D5E9442AC4193E00CFE7CB /* MatchCellButton.swift in Sources */,
				51D5E9232AC3538D00CFE7CB /* Matches.swift in Sources */,
				515B9D4D2AC41D2C00FAE8C3 /* ExampleLoader.swift in Sources */,
				51D5E93C2AC4001300CFE7CB /* LoadCell.swift in Sources */,
				516061822AC540D9007CAC7D /* LoadingList.swift in Sources */,
				51D5E8F72AC3527A00CFE7CB /* AdamWSCApp.swift in Sources */,
				51D5E93A2AC3663300CFE7CB /* StringExt.swift in Sources */,
				51D5E9262AC35B2900CFE7CB /* MatchCell.swift in Sources */,
				51D5E9292AC35C7000CFE7CB /* MatchesLoader.swift in Sources */,
				515B9D512AC4485500FAE8C3 /* MatchList.swift in Sources */,
				515B9D4B2AC41CD800FAE8C3 /* MatchView.swift in Sources */,
				51D5E9352AC361D000CFE7CB /* StringKey.swift in Sources */,
				515B9D4F2AC420BA00FAE8C3 /* PageView.swift in Sources */,
				51DAC2932AC55BEC0073E212 /* LangView.swift in Sources */,
			);
			runOnlyForDeploymentPostprocessing = 0;
		};
		51D5E8FF2AC3527B00CFE7CB /* Sources */ = {
			isa = PBXSourcesBuildPhase;
			buildActionMask = 2147483647;
			files = (
				51DAC2962AC562420073E212 /* MatchesLoader.swift in Sources */,
				51D5E9082AC3527B00CFE7CB /* AdamWSCTests.swift in Sources */,
			);
			runOnlyForDeploymentPostprocessing = 0;
		};
		51D5E9092AC3527B00CFE7CB /* Sources */ = {
			isa = PBXSourcesBuildPhase;
			buildActionMask = 2147483647;
			files = (
				51D5E9122AC3527B00CFE7CB /* AdamWSCUITests.swift in Sources */,
				51D5E9142AC3527B00CFE7CB /* AdamWSCUITestsLaunchTests.swift in Sources */,
			);
			runOnlyForDeploymentPostprocessing = 0;
		};
/* End PBXSourcesBuildPhase section */

/* Begin PBXTargetDependency section */
		51D5E9052AC3527B00CFE7CB /* PBXTargetDependency */ = {
			isa = PBXTargetDependency;
			target = 51D5E8F22AC3527A00CFE7CB /* AdamWSC */;
			targetProxy = 51D5E9042AC3527B00CFE7CB /* PBXContainerItemProxy */;
		};
		51D5E90F2AC3527B00CFE7CB /* PBXTargetDependency */ = {
			isa = PBXTargetDependency;
			target = 51D5E8F22AC3527A00CFE7CB /* AdamWSC */;
			targetProxy = 51D5E90E2AC3527B00CFE7CB /* PBXContainerItemProxy */;
		};
/* End PBXTargetDependency section */

/* Begin PBXVariantGroup section */
		51D5E9322AC3606A00CFE7CB /* Localizable.strings */ = {
			isa = PBXVariantGroup;
			children = (
				51D5E9312AC3606A00CFE7CB /* en */,
				51D5E9332AC3606D00CFE7CB /* he */,
			);
			name = Localizable.strings;
			sourceTree = "<group>";
		};
/* End PBXVariantGroup section */

/* Begin XCBuildConfiguration section */
		51D5E9152AC3527B00CFE7CB /* Debug */ = {
			isa = XCBuildConfiguration;
			buildSettings = {
				ALWAYS_SEARCH_USER_PATHS = NO;
				ASSETCATALOG_COMPILER_GENERATE_SWIFT_ASSET_SYMBOL_EXTENSIONS = YES;
				CLANG_ANALYZER_NONNULL = YES;
				CLANG_ANALYZER_NUMBER_OBJECT_CONVERSION = YES_AGGRESSIVE;
				CLANG_CXX_LANGUAGE_STANDARD = "gnu++20";
				CLANG_ENABLE_MODULES = YES;
				CLANG_ENABLE_OBJC_ARC = YES;
				CLANG_ENABLE_OBJC_WEAK = YES;
				CLANG_WARN_BLOCK_CAPTURE_AUTORELEASING = YES;
				CLANG_WARN_BOOL_CONVERSION = YES;
				CLANG_WARN_COMMA = YES;
				CLANG_WARN_CONSTANT_CONVERSION = YES;
				CLANG_WARN_DEPRECATED_OBJC_IMPLEMENTATIONS = YES;
				CLANG_WARN_DIRECT_OBJC_ISA_USAGE = YES_ERROR;
				CLANG_WARN_DOCUMENTATION_COMMENTS = YES;
				CLANG_WARN_EMPTY_BODY = YES;
				CLANG_WARN_ENUM_CONVERSION = YES;
				CLANG_WARN_INFINITE_RECURSION = YES;
				CLANG_WARN_INT_CONVERSION = YES;
				CLANG_WARN_NON_LITERAL_NULL_CONVERSION = YES;
				CLANG_WARN_OBJC_IMPLICIT_RETAIN_SELF = YES;
				CLANG_WARN_OBJC_LITERAL_CONVERSION = YES;
				CLANG_WARN_OBJC_ROOT_CLASS = YES_ERROR;
				CLANG_WARN_QUOTED_INCLUDE_IN_FRAMEWORK_HEADER = YES;
				CLANG_WARN_RANGE_LOOP_ANALYSIS = YES;
				CLANG_WARN_STRICT_PROTOTYPES = YES;
				CLANG_WARN_SUSPICIOUS_MOVE = YES;
				CLANG_WARN_UNGUARDED_AVAILABILITY = YES_AGGRESSIVE;
				CLANG_WARN_UNREACHABLE_CODE = YES;
				CLANG_WARN__DUPLICATE_METHOD_MATCH = YES;
				COPY_PHASE_STRIP = NO;
				DEBUG_INFORMATION_FORMAT = dwarf;
				ENABLE_STRICT_OBJC_MSGSEND = YES;
				ENABLE_TESTABILITY = YES;
				ENABLE_USER_SCRIPT_SANDBOXING = YES;
				GCC_C_LANGUAGE_STANDARD = gnu17;
				GCC_DYNAMIC_NO_PIC = NO;
				GCC_NO_COMMON_BLOCKS = YES;
				GCC_OPTIMIZATION_LEVEL = 0;
				GCC_PREPROCESSOR_DEFINITIONS = (
					"DEBUG=1",
					"$(inherited)",
				);
				GCC_WARN_64_TO_32_BIT_CONVERSION = YES;
				GCC_WARN_ABOUT_RETURN_TYPE = YES_ERROR;
				GCC_WARN_UNDECLARED_SELECTOR = YES;
				GCC_WARN_UNINITIALIZED_AUTOS = YES_AGGRESSIVE;
				GCC_WARN_UNUSED_FUNCTION = YES;
				GCC_WARN_UNUSED_VARIABLE = YES;
				IPHONEOS_DEPLOYMENT_TARGET = 17.0;
				LOCALIZATION_PREFERS_STRING_CATALOGS = YES;
				MTL_ENABLE_DEBUG_INFO = INCLUDE_SOURCE;
				MTL_FAST_MATH = YES;
				ONLY_ACTIVE_ARCH = YES;
				SDKROOT = iphoneos;
				SWIFT_ACTIVE_COMPILATION_CONDITIONS = "DEBUG $(inherited)";
				SWIFT_OPTIMIZATION_LEVEL = "-Onone";
			};
			name = Debug;
		};
		51D5E9162AC3527B00CFE7CB /* Release */ = {
			isa = XCBuildConfiguration;
			buildSettings = {
				ALWAYS_SEARCH_USER_PATHS = NO;
				ASSETCATALOG_COMPILER_GENERATE_SWIFT_ASSET_SYMBOL_EXTENSIONS = YES;
				CLANG_ANALYZER_NONNULL = YES;
				CLANG_ANALYZER_NUMBER_OBJECT_CONVERSION = YES_AGGRESSIVE;
				CLANG_CXX_LANGUAGE_STANDARD = "gnu++20";
				CLANG_ENABLE_MODULES = YES;
				CLANG_ENABLE_OBJC_ARC = YES;
				CLANG_ENABLE_OBJC_WEAK = YES;
				CLANG_WARN_BLOCK_CAPTURE_AUTORELEASING = YES;
				CLANG_WARN_BOOL_CONVERSION = YES;
				CLANG_WARN_COMMA = YES;
				CLANG_WARN_CONSTANT_CONVERSION = YES;
				CLANG_WARN_DEPRECATED_OBJC_IMPLEMENTATIONS = YES;
				CLANG_WARN_DIRECT_OBJC_ISA_USAGE = YES_ERROR;
				CLANG_WARN_DOCUMENTATION_COMMENTS = YES;
				CLANG_WARN_EMPTY_BODY = YES;
				CLANG_WARN_ENUM_CONVERSION = YES;
				CLANG_WARN_INFINITE_RECURSION = YES;
				CLANG_WARN_INT_CONVERSION = YES;
				CLANG_WARN_NON_LITERAL_NULL_CONVERSION = YES;
				CLANG_WARN_OBJC_IMPLICIT_RETAIN_SELF = YES;
				CLANG_WARN_OBJC_LITERAL_CONVERSION = YES;
				CLANG_WARN_OBJC_ROOT_CLASS = YES_ERROR;
				CLANG_WARN_QUOTED_INCLUDE_IN_FRAMEWORK_HEADER = YES;
				CLANG_WARN_RANGE_LOOP_ANALYSIS = YES;
				CLANG_WARN_STRICT_PROTOTYPES = YES;
				CLANG_WARN_SUSPICIOUS_MOVE = YES;
				CLANG_WARN_UNGUARDED_AVAILABILITY = YES_AGGRESSIVE;
				CLANG_WARN_UNREACHABLE_CODE = YES;
				CLANG_WARN__DUPLICATE_METHOD_MATCH = YES;
				COPY_PHASE_STRIP = NO;
				DEBUG_INFORMATION_FORMAT = "dwarf-with-dsym";
				ENABLE_NS_ASSERTIONS = NO;
				ENABLE_STRICT_OBJC_MSGSEND = YES;
				ENABLE_USER_SCRIPT_SANDBOXING = YES;
				GCC_C_LANGUAGE_STANDARD = gnu17;
				GCC_NO_COMMON_BLOCKS = YES;
				GCC_WARN_64_TO_32_BIT_CONVERSION = YES;
				GCC_WARN_ABOUT_RETURN_TYPE = YES_ERROR;
				GCC_WARN_UNDECLARED_SELECTOR = YES;
				GCC_WARN_UNINITIALIZED_AUTOS = YES_AGGRESSIVE;
				GCC_WARN_UNUSED_FUNCTION = YES;
				GCC_WARN_UNUSED_VARIABLE = YES;
				IPHONEOS_DEPLOYMENT_TARGET = 17.0;
				LOCALIZATION_PREFERS_STRING_CATALOGS = YES;
				MTL_ENABLE_DEBUG_INFO = NO;
				MTL_FAST_MATH = YES;
				SDKROOT = iphoneos;
				SWIFT_COMPILATION_MODE = wholemodule;
				VALIDATE_PRODUCT = YES;
			};
			name = Release;
		};
		51D5E9182AC3527B00CFE7CB /* Debug */ = {
			isa = XCBuildConfiguration;
			buildSettings = {
				ASSETCATALOG_COMPILER_APPICON_NAME = AppIcon;
				ASSETCATALOG_COMPILER_GLOBAL_ACCENT_COLOR_NAME = AccentColor;
				CODE_SIGN_STYLE = Automatic;
				CURRENT_PROJECT_VERSION = 1;
				DEVELOPMENT_ASSET_PATHS = "\"AdamWSC/Preview Content\"";
				DEVELOPMENT_TEAM = 7QWJ9Y8H6L;
				ENABLE_PREVIEWS = YES;
				GENERATE_INFOPLIST_FILE = YES;
				INFOPLIST_KEY_UIApplicationSceneManifest_Generation = YES;
				INFOPLIST_KEY_UIApplicationSupportsIndirectInputEvents = YES;
				INFOPLIST_KEY_UILaunchScreen_Generation = YES;
				INFOPLIST_KEY_UISupportedInterfaceOrientations_iPad = "UIInterfaceOrientationPortrait UIInterfaceOrientationPortraitUpsideDown UIInterfaceOrientationLandscapeLeft UIInterfaceOrientationLandscapeRight";
				INFOPLIST_KEY_UISupportedInterfaceOrientations_iPhone = "UIInterfaceOrientationPortrait UIInterfaceOrientationLandscapeLeft UIInterfaceOrientationLandscapeRight";
				IPHONEOS_DEPLOYMENT_TARGET = 16.0;
				LD_RUNPATH_SEARCH_PATHS = (
					"$(inherited)",
					"@executable_path/Frameworks",
				);
				MARKETING_VERSION = 1.0;
				PRODUCT_BUNDLE_IDENTIFIER = adambunim.AdamWSC;
				PRODUCT_NAME = "$(TARGET_NAME)";
				SWIFT_EMIT_LOC_STRINGS = YES;
				SWIFT_VERSION = 5.0;
				TARGETED_DEVICE_FAMILY = "1,2";
			};
			name = Debug;
		};
		51D5E9192AC3527B00CFE7CB /* Release */ = {
			isa = XCBuildConfiguration;
			buildSettings = {
				ASSETCATALOG_COMPILER_APPICON_NAME = AppIcon;
				ASSETCATALOG_COMPILER_GLOBAL_ACCENT_COLOR_NAME = AccentColor;
				CODE_SIGN_STYLE = Automatic;
				CURRENT_PROJECT_VERSION = 1;
				DEVELOPMENT_ASSET_PATHS = "\"AdamWSC/Preview Content\"";
				DEVELOPMENT_TEAM = 7QWJ9Y8H6L;
				ENABLE_PREVIEWS = YES;
				GENERATE_INFOPLIST_FILE = YES;
				INFOPLIST_KEY_UIApplicationSceneManifest_Generation = YES;
				INFOPLIST_KEY_UIApplicationSupportsIndirectInputEvents = YES;
				INFOPLIST_KEY_UILaunchScreen_Generation = YES;
				INFOPLIST_KEY_UISupportedInterfaceOrientations_iPad = "UIInterfaceOrientationPortrait UIInterfaceOrientationPortraitUpsideDown UIInterfaceOrientationLandscapeLeft UIInterfaceOrientationLandscapeRight";
				INFOPLIST_KEY_UISupportedInterfaceOrientations_iPhone = "UIInterfaceOrientationPortrait UIInterfaceOrientationLandscapeLeft UIInterfaceOrientationLandscapeRight";
				IPHONEOS_DEPLOYMENT_TARGET = 16.0;
				LD_RUNPATH_SEARCH_PATHS = (
					"$(inherited)",
					"@executable_path/Frameworks",
				);
				MARKETING_VERSION = 1.0;
				PRODUCT_BUNDLE_IDENTIFIER = adambunim.AdamWSC;
				PRODUCT_NAME = "$(TARGET_NAME)";
				SWIFT_EMIT_LOC_STRINGS = YES;
				SWIFT_VERSION = 5.0;
				TARGETED_DEVICE_FAMILY = "1,2";
			};
			name = Release;
		};
		51D5E91B2AC3527B00CFE7CB /* Debug */ = {
			isa = XCBuildConfiguration;
			buildSettings = {
				ALWAYS_EMBED_SWIFT_STANDARD_LIBRARIES = YES;
				BUNDLE_LOADER = "$(TEST_HOST)";
				CODE_SIGN_STYLE = Automatic;
				CURRENT_PROJECT_VERSION = 1;
				GENERATE_INFOPLIST_FILE = YES;
				IPHONEOS_DEPLOYMENT_TARGET = 17.0;
				MARKETING_VERSION = 1.0;
				PRODUCT_BUNDLE_IDENTIFIER = adambunim.AdamWSCTests;
				PRODUCT_NAME = "$(TARGET_NAME)";
				SWIFT_EMIT_LOC_STRINGS = NO;
				SWIFT_VERSION = 5.0;
				TARGETED_DEVICE_FAMILY = "1,2";
				TEST_HOST = "$(BUILT_PRODUCTS_DIR)/AdamWSC.app/$(BUNDLE_EXECUTABLE_FOLDER_PATH)/AdamWSC";
			};
			name = Debug;
		};
		51D5E91C2AC3527B00CFE7CB /* Release */ = {
			isa = XCBuildConfiguration;
			buildSettings = {
				ALWAYS_EMBED_SWIFT_STANDARD_LIBRARIES = YES;
				BUNDLE_LOADER = "$(TEST_HOST)";
				CODE_SIGN_STYLE = Automatic;
				CURRENT_PROJECT_VERSION = 1;
				GENERATE_INFOPLIST_FILE = YES;
				IPHONEOS_DEPLOYMENT_TARGET = 17.0;
				MARKETING_VERSION = 1.0;
				PRODUCT_BUNDLE_IDENTIFIER = adambunim.AdamWSCTests;
				PRODUCT_NAME = "$(TARGET_NAME)";
				SWIFT_EMIT_LOC_STRINGS = NO;
				SWIFT_VERSION = 5.0;
				TARGETED_DEVICE_FAMILY = "1,2";
				TEST_HOST = "$(BUILT_PRODUCTS_DIR)/AdamWSC.app/$(BUNDLE_EXECUTABLE_FOLDER_PATH)/AdamWSC";
			};
			name = Release;
		};
		51D5E91E2AC3527B00CFE7CB /* Debug */ = {
			isa = XCBuildConfiguration;
			buildSettings = {
				ALWAYS_EMBED_SWIFT_STANDARD_LIBRARIES = YES;
				CODE_SIGN_STYLE = Automatic;
				CURRENT_PROJECT_VERSION = 1;
				GENERATE_INFOPLIST_FILE = YES;
				MARKETING_VERSION = 1.0;
				PRODUCT_BUNDLE_IDENTIFIER = adambunim.AdamWSCUITests;
				PRODUCT_NAME = "$(TARGET_NAME)";
				SWIFT_EMIT_LOC_STRINGS = NO;
				SWIFT_VERSION = 5.0;
				TARGETED_DEVICE_FAMILY = "1,2";
				TEST_TARGET_NAME = AdamWSC;
			};
			name = Debug;
		};
		51D5E91F2AC3527B00CFE7CB /* Release */ = {
			isa = XCBuildConfiguration;
			buildSettings = {
				ALWAYS_EMBED_SWIFT_STANDARD_LIBRARIES = YES;
				CODE_SIGN_STYLE = Automatic;
				CURRENT_PROJECT_VERSION = 1;
				GENERATE_INFOPLIST_FILE = YES;
				MARKETING_VERSION = 1.0;
				PRODUCT_BUNDLE_IDENTIFIER = adambunim.AdamWSCUITests;
				PRODUCT_NAME = "$(TARGET_NAME)";
				SWIFT_EMIT_LOC_STRINGS = NO;
				SWIFT_VERSION = 5.0;
				TARGETED_DEVICE_FAMILY = "1,2";
				TEST_TARGET_NAME = AdamWSC;
			};
			name = Release;
		};
/* End XCBuildConfiguration section */

/* Begin XCConfigurationList section */
		51D5E8EE2AC3527A00CFE7CB /* Build configuration list for PBXProject "AdamWSC" */ = {
			isa = XCConfigurationList;
			buildConfigurations = (
				51D5E9152AC3527B00CFE7CB /* Debug */,
				51D5E9162AC3527B00CFE7CB /* Release */,
			);
			defaultConfigurationIsVisible = 0;
			defaultConfigurationName = Release;
		};
		51D5E9172AC3527B00CFE7CB /* Build configuration list for PBXNativeTarget "AdamWSC" */ = {
			isa = XCConfigurationList;
			buildConfigurations = (
				51D5E9182AC3527B00CFE7CB /* Debug */,
				51D5E9192AC3527B00CFE7CB /* Release */,
			);
			defaultConfigurationIsVisible = 0;
			defaultConfigurationName = Release;
		};
		51D5E91A2AC3527B00CFE7CB /* Build configuration list for PBXNativeTarget "AdamWSCTests" */ = {
			isa = XCConfigurationList;
			buildConfigurations = (
				51D5E91B2AC3527B00CFE7CB /* Debug */,
				51D5E91C2AC3527B00CFE7CB /* Release */,
			);
			defaultConfigurationIsVisible = 0;
			defaultConfigurationName = Release;
		};
		51D5E91D2AC3527B00CFE7CB /* Build configuration list for PBXNativeTarget "AdamWSCUITests" */ = {
			isa = XCConfigurationList;
			buildConfigurations = (
				51D5E91E2AC3527B00CFE7CB /* Debug */,
				51D5E91F2AC3527B00CFE7CB /* Release */,
			);
			defaultConfigurationIsVisible = 0;
			defaultConfigurationName = Release;
		};
/* End XCConfigurationList section */
	};
	rootObject = 51D5E8EB2AC3527A00CFE7CB /* Project object */;
}
